
Microsoft Visual Studio Solution File, Format Version 12.00
# Visual Studio Version 17
VisualStudioVersion = 17.8.34330.188
MinimumVisualStudioVersion = 10.0.40219.1
Project("{FAE04EC0-301F-11D3-BF4B-00C04F79EFBC}") = "TestProject_CarRent", "TestProject_CarRent\TestProject_CarRent.csproj", "{C5588FCD-C156-4C6D-BD23-30369ABC4849}"
EndProject
Project("{FAE04EC0-301F-11D3-BF4B-00C04F79EFBC}") = "OOP_Kurs_Sorokin_621pmb_WFA", "..\OOP_Kurs_Sorokin_621pmb_WFA\OOP_Kurs_Sorokin_621pmb_WFA.csproj", "{CDA9763C-9527-486D-BBB7-60DD74B2DFB0}"
EndProject
Global
	GlobalSection(SolutionConfigurationPlatforms) = preSolution
		Debug|Any CPU = Debug|Any CPU
		Release|Any CPU = Release|Any CPU
	EndGlobalSection
	GlobalSection(ProjectConfigurationPlatforms) = postSolution
		{C5588FCD-C156-4C6D-BD23-30369ABC4849}.Debug|Any CPU.ActiveCfg = Debug|Any CPU
		{C5588FCD-C156-4C6D-BD23-30369ABC4849}.Debug|Any CPU.Build.0 = Debug|Any CPU
		{C5588FCD-C156-4C6D-BD23-30369ABC4849}.Release|Any CPU.ActiveCfg = Release|Any CPU
		{C5588FCD-C156-4C6D-BD23-30369ABC4849}.Release|Any CPU.Build.0 = Release|Any CPU
		{CDA9763C-9527-486D-BBB7-60DD74B2DFB0}.Debug|Any CPU.ActiveCfg = Debug|Any CPU
		{CDA9763C-9527-486D-BBB7-60DD74B2DFB0}.Debug|Any CPU.Build.0 = Debug|Any CPU
		{CDA9763C-9527-486D-BBB7-60DD74B2DFB0}.Release|Any CPU.ActiveCfg = Release|Any CPU
		{CDA9763C-9527-486D-BBB7-60DD74B2DFB0}.Release|Any CPU.Build.0 = Release|Any CPU
	EndGlobalSection
	GlobalSection(SolutionProperties) = preSolution
		HideSolutionNode = FALSE
	EndGlobalSection
	GlobalSection(ExtensibilityGlobals) = postSolution
		SolutionGuid = {41EC7CC7-A09C-4058-9068-0E48A067CE0D}
	EndGlobalSection
EndGlobal
